catppuccin-tmux b4e0715356f820fc72ea8e8baf34f0f60e891718
tmux-continuum 0698e8f4b17d6454c71bf5212895ec055c578da0
tmux-fzf f91c053f1cbf1de480e57da6f3bc089e00aafafb
tmux-resurrect cff343cf9e81983d3da0c8562b01616f12e8d548
tmux-sensible 25cb91f42d020f675bb0a2ce3fbd3a5d96119efa
tmux-yank acfd36e4fcba99f8310a7dfb432111c242fe7392
vim-tmux-navigator 412c474e97468e7934b9c217064025ea7a69e05e
